
Microsoft Visual Studio Solution File, Format Version 12.00
# Visual Studio Version 17
VisualStudioVersion = 17.10.34928.147
MinimumVisualStudioVersion = 10.0.40219.1
Project("{FAE04EC0-301F-11D3-BF4B-00C04F79EFBC}") = "ImageData16x14Generator", "ImageData16x14Generator\ImageData16x14Generator.csproj", "{E27253C2-97FB-4F25-8AA0-618F1CA41348}"
EndProject
Global
	GlobalSection(SolutionConfigurationPlatforms) = preSolution
		Debug|Any CPU = Debug|Any CPU
		Release|Any CPU = Release|Any CPU
	EndGlobalSection
	GlobalSection(ProjectConfigurationPlatforms) = postSolution
		{E27253C2-97FB-4F25-8AA0-618F1CA41348}.Debug|Any CPU.ActiveCfg = Debug|Any CPU
		{E27253C2-97FB-4F25-8AA0-618F1CA41348}.Debug|Any CPU.Build.0 = Debug|Any CPU
		{E27253C2-97FB-4F25-8AA0-618F1CA41348}.Release|Any CPU.ActiveCfg = Release|Any CPU
		{E27253C2-97FB-4F25-8AA0-618F1CA41348}.Release|Any CPU.Build.0 = Release|Any CPU
	EndGlobalSection
	GlobalSection(SolutionProperties) = preSolution
		HideSolutionNode = FALSE
	EndGlobalSection
	GlobalSection(ExtensibilityGlobals) = postSolution
		SolutionGuid = {E97625A6-AD7D-4535-B173-E33750BB3530}
	EndGlobalSection
EndGlobal
